version = 1
revision = 3
requires-python = ">=3.12.0"

[[package]]
name = "cython"
version = "3.3.0"
source = { registry = "https://pypi.org/simple" }
sdist = { url = "https://files.pythonhosted.org/packages/a9/d8/4981ef716ad0e3ff0d3ef383aefc6b03c4a88dee33b272bf8e0d833001ca/cython-3.3.0.tar.gz", hash = "sha256:eed0d93fbca7087f143b42c34b05a825849bdf17f101572c2105acfa49aa88b8", size = 3727515, upload-time = "2026-08-22T05:16:39.493Z" }
wheels = [
    { url = "https://files.pythonhosted.org/packages/da/0f/95bad838a80ac52c9e982dad00bd9a0b2bad57fb4c688e5f53ac3ef65ff0/cython-3.3.0-cp312-cp312-macosx_11_0_arm64.whl", hash = "sha256:03bc5333932f5dda3ba9315298ecdd21daa1b58410bb1f8ce04c78ec8337130a", size = 3143472, upload-time = "2026-08-22T05:17:07.956Z" },
    { url = "https://files.pythonhosted.org/packages/2f/cc/abc977cf683140e372714acea42164ecfc5cd3d3984ed025860e6d830ee4/cython-3.3.0-cp313-cp313-macosx_11_0_arm64.whl", hash = "sha256:03056533fe4fdbc4f1d34a39178f9a4937ff35196f8bcdde2a67b5b5809c61fe", size = 3134892, upload-time = "2026-08-22T05:17:16.675Z" },
    { url = "https://files.pythonhosted.org/packages/8a/7f/e409f76bb955ecdcb746b80350b945fbb808846d797346d647a37e1790ca/cython-3.3.0-cp314-cp314-macosx_11_0_arm64.whl", hash = "sha256:0deedc2e9a5a664e1adfa4c2d310aa7b54903e1a647c274b6c9213f77a02d637", size = 3186700, upload-time = "2026-08-22T05:17:24.288Z" },
    { url = "https://files.pythonhosted.org/packages/ea/45/7f6988070013e16918e39b1b3dab9c5f2c8e404253a7fd10ee685bbd6902/cython-3.3.0-cp315-cp315-macosx_11_0_arm64.whl", hash = "sha256:596e8df019372a2cd417805015022d42cb8ee4e1803ccdc11ed00e451625fb66", size = 3177681, upload-time = "2026-08-22T05:17:32.523Z" },
    { url = "https://files.pythonhosted.org/packages/14/59/bc1a84b434cb5bebb0cd6f50da8f239d35a5c141b20fdeafc2817fd87778/cython-3.3.0-cp39-abi3-macosx_10_9_x86_64.whl", hash = "sha256:e0d2713d2b292c826bc21dc8732bd9e47628103aa3764180c881e04b3fef95dc", size = 3063660, upload-time = "2026-08-22T05:17:40.923Z" },
    { url = "https://files.pythonhosted.org/packages/bf/77/67b0b24e45073a699610e50f00c18474ff9b09ea29ecc95083bdf5e60acd/cython-3.3.0-py3-none-any.whl", hash = "sha256:9b24b5c8cd536946b62086fcafee6d5509d3f549f72d553d2336af87ffbe0da1", size = 1349151, upload-time = "2026-08-22T05:16:36.741Z" },
]

[[package]]
name = "mundi-pieces"
version = "0.1.0"
source = { virtual = "." }
dependencies = [
    { name = "ursina" },
]

[package.metadata]
requires-dist = [{ name = "ursina", specifier = ">=8.3.0" }]

[[package]]
name = "panda3d"
version = "1.10.16"
source = { registry = "https://pypi.org/simple" }
wheels = [
    { url = "https://files.pythonhosted.org/packages/e6/b2/c53321e4fcbc645affd86a4b695da7f5e94f672a6f7eaa71a3b8740b3ff2/panda3d-1.10.16-cp312-cp312-macosx_10_9_x86_64.whl", hash = "sha256:b2a4b72c8d64505c3db1d25a37b9da7b267616fa3bf4bdcd8b3bf15040e961c7", size = 68568321, upload-time = "2025-12-25T19:27:51.415Z" },
    { url = "https://files.pythonhosted.org/packages/4e/3f/7e9a43f71982712fb097bf0ff6f165e944b232f84f7215d4cedebb3e0991/panda3d-1.10.16-cp312-cp312-macosx_11_0_universal2.whl", hash = "sha256:69ebff55f625161bd5d8589539345d1732095ec735af05c50583a49e0619f870", size = 120977545, upload-time = "2025-12-25T19:27:59.847Z" },
    { url = "https://files.pythonhosted.org/packages/31/87/169de5d9f2d798a087ce0dc4282337acf2fb76f3276b1ca2473d6fd389b1/panda3d-1.10.16-cp312-cp312-manylinux2014_aarch64.whl", hash = "sha256:383ad14bfe451505959a86bc18958853e21b6a6a25c896e04a44a14c1a412944", size = 48641430, upload-time = "2025-12-25T19:28:05.406Z" },
    { url = "https://files.pythonhosted.org/packages/26/90/402848a9929a9e734f9c4da98f61c5501bfed084b5d0fb92e3fbb8d0d49b/panda3d-1.10.16-cp312-cp312-manylinux2014_x86_64.whl", hash = "sha256:7ab1a4d93897c03014d7749d173f5fcb2ac3a3cd747e2468247acd2022efd23c", size = 53927261, upload-time = "2025-12-25T19:28:10.513Z" },
    { url = "https://files.pythonhosted.org/packages/32/f4/e50ccf2dec001f1b10463efdd0131896d905cd9db63cb16bb8ecd23113cb/panda3d-1.10.16-cp312-cp312-win32.whl", hash = "sha256:540b4d9d7719dc10c60e0910e63af762e348ab128eca91eee8e8c291348c88ab", size = 53593365, upload-time = "2025-12-25T19:28:15.193Z" },
    { url = "https://files.pythonhosted.org/packages/5e/06/8f32a501a98d82a10060c1f75ed5c06672d652022763079c49ed67b970ef/panda3d-1.10.16-cp312-cp312-win_amd64.whl", hash = "sha256:f6493e2ecc0d1b7c1556a999556e5278cbc9484fe5fe1e159a1ccc02b870b18f", size = 65586786, upload-time = "2025-12-25T19:28:21.313Z" },
    { url = "https://files.pythonhosted.org/packages/db/75/b0252b2e5b6b4aedca5f0cd1e8d847740a6e31ced96cd3936db3c12522dc/panda3d-1.10.16-cp313-cp313-macosx_10_13_x86_64.whl", hash = "sha256:b85b0b2e0da93d622d40df83eb98d7859913f2c261842a760d988cac13a055c1", size = 68602396, upload-time = "2025-12-25T19:28:27.576Z" },
    { url = "https://files.pythonhosted.org/packages/f1/c1/719228e4348e7173d72af363bccb8b1e1a6d226a953e755fe81d847c8b9f/panda3d-1.10.16-cp313-cp313-macosx_11_0_universal2.whl", hash = "sha256:69c934485f60b4f1340cd64de0b85aa9b98a7491a1d5cadae99555f8e194a414", size = 120719404, upload-time = "2025-12-25T19:28:34.845Z" },
    { url = "https://files.pythonhosted.org/packages/7d/cb/e0d2f433c6ae3f52d27b9cdb6ca9c3f7bbfd558d8876de1a3021c7207778/panda3d-1.10.16-cp313-cp313-manylinux2014_aarch64.whl", hash = "sha256:fb7ab84b72e977aa0846a103e0ee5138f5c9f2de48615291420bb47576e2b2b7", size = 48291027, upload-time = "2025-12-25T19:28:43.639Z" },
    { url = "https://files.pythonhosted.org/packages/77/d3/5e6c3feff433efbfc49e2723ff83b53bf06c10e1169e564b1c017e226013/panda3d-1.10.16-cp313-cp313-manylinux2014_x86_64.whl", hash = "sha256:2053a596014f21d5cce0fa93eaeb723a685f3c0231a63312c453aff1733ed061", size = 53534250, upload-time = "2025-12-25T19:28:48.279Z" },
    { url = "https://files.pythonhosted.org/packages/e2/bd/8b55aa9e7b94a73bfaeb60f375db229274897f8f6db7fa43d03ca0c0e89a/panda3d-1.10.16-cp313-cp313-win32.whl", hash = "sha256:d4456b2064f1f6b1b3579106608ec35234278da553b2df78eacec7431dccf045", size = 54839852, upload-time = "2025-12-25T19:29:27.977Z" },
    { url = "https://files.pythonhosted.org/packages/df/4c/dde9aed142cbb3f704664fd7d9031ac2e286cd35142150fe627f0f8e1058/panda3d-1.10.16-cp313-cp313-win_amd64.whl", hash = "sha256:0e505261bb58d8402d0099c291f1a3459acfdd38f3e7d666e72aa2e1ea5dc46f", size = 67022293, upload-time = "2025-12-25T19:29:33.419Z" },
    { url = "https://files.pythonhosted.org/packages/9d/4a/c2e803fbb11690ce220bef96c65be765664f53fe757f27ec2b824fd4e901/panda3d-1.10.16-cp313-cp313t-macosx_10_13_x86_64.whl", hash = "sha256:33daac5ac15772c6633eacb62bb89ecb1926a5919689ee429b69b72f859e8a30", size = 70974654, upload-time = "2025-12-25T19:28:54.302Z" },
    { url = "https://files.pythonhosted.org/packages/57/9d/a2facf6a112af4543d2dc201ca9ad6e5532a477d90e8980fa4288f7649e0/panda3d-1.10.16-cp313-cp313t-macosx_11_0_universal2.whl", hash = "sha256:1ca68faf35cf7d5dca91053a4dbfd55ab3e75670c74ea2423d39fb684cdb6bee", size = 125299765, upload-time = "2025-12-25T19:29:03.429Z" },
    { url = "https://files.pythonhosted.org/packages/1b/82/308640c678c4dcbf40120d152e75891f9d9d13a7ad69db00ea45557712a6/panda3d-1.10.16-cp313-cp313t-manylinux2014_aarch64.whl", hash = "sha256:9d16943a8e30d57587bd603f7549ff5619c85d41d4020ff0db44ccf00083be29", size = 48716832, upload-time = "2025-12-25T19:29:09.097Z" },
    { url = "https://files.pythonhosted.org/packages/7c/da/2507dde643b2572c35134bf6106677fe4e7301d2a13b731fbbd1a4b270fc/panda3d-1.10.16-cp313-cp313t-manylinux2014_x86_64.whl", hash = "sha256:f39d6ec367ae1802b7f0576e1fd37e98887d7549c76f91872e01365ae23daa3c", size = 53899791, upload-time = "2025-12-25T19:29:13.489Z" },
    { url = "https://files.pythonhosted.org/packages/76/17/4cf227498916b1f42c8bd0fc7b734c09c3fd0bf50ec3f3e541d65af82ccd/panda3d-1.10.16-cp313-cp313t-win32.whl", hash = "sha256:91325aea5dee239684cb1b0e87dfcfe50b55246aa3238239e6cfcab7abc2b374", size = 54998053, upload-time = "2025-12-25T19:29:18.325Z" },
    { url = "https://files.pythonhosted.org/packages/48/59/d88d8f19bcbe3ff3f031dae1adbae377d9e6f02d7f3d2db6a577ceb5f029/panda3d-1.10.16-cp313-cp313t-win_amd64.whl", hash = "sha256:0c74016a5128e64257e6b5c3e3d5620ea0b0a6193a2cc453feaac2b9ecdc00f7", size = 67074572, upload-time = "2025-12-25T19:29:23.427Z" },
    { url = "https://files.pythonhosted.org/packages/46/03/e8cfa0945819013265f307d22556706580b5708886a3c3eefd4646564876/panda3d-1.10.16-cp314-cp314-macosx_11_0_universal2.whl", hash = "sha256:7c7405363cee90c669ca05f1ac78740f8b34d8cffaf5a6ab98205994a4f6f470", size = 122415485, upload-time = "2025-12-25T19:29:40.528Z" },
    { url = "https://files.pythonhosted.org/packages/d4/96/355ef9b2fe94b53ad40a9b77fe2c7dc695b2d2bebb7b347e4262770a973a/panda3d-1.10.16-cp314-cp314-manylinux2014_aarch64.whl", hash = "sha256:35bacb8f879abe056ba300650d134326a5a3472c97b99d17b5b775bef4161f3d", size = 48733801, upload-time = "2025-12-25T19:29:45.647Z" },
    { url = "https://files.pythonhosted.org/packages/20/78/7b267a61ba97cd80acf52d16e67e6d1a1060775544404aec8d7939fd7d6c/panda3d-1.10.16-cp314-cp314-manylinux2014_x86_64.whl", hash = "sha256:16cb0feb8b4d97d2e1a7620650b8c1f9b1e561eb738cb4b69646e773ea942693", size = 53987429, upload-time = "2025-12-25T19:29:50.777Z" },
    { url = "https://files.pythonhosted.org/packages/2d/93/2e856d9b336b1dd8aa4b7088514781d3afd4b2d37f4a4acc5c287bf2d74f/panda3d-1.10.16-cp314-cp314-win32.whl", hash = "sha256:e4f7e161a8fa3e0f52bb1822dc21053e3d3503ec9550a3a07bb2acda8491c97c", size = 57078983, upload-time = "2025-12-25T19:30:25.686Z" },
    { url = "https://files.pythonhosted.org/packages/3e/72/09a544c447c357e4babc0f81021a058a02680d5bca6b732757c9952f9b3b/panda3d-1.10.16-cp314-cp314-win_amd64.whl", hash = "sha256:0978ca7d2953d37ed3ed8d99abd1ee77bbfc75fe6ea47019d0f5f5dad830d853", size = 69839160, upload-time = "2025-12-25T19:30:31.708Z" },
    { url = "https://files.pythonhosted.org/packages/31/a3/898911bbcc515eab32df169e289f10056fe74d594907dd593eded5fc1b71/panda3d-1.10.16-cp314-cp314t-macosx_11_0_universal2.whl", hash = "sha256:b45c89a24b96302a1dd13bbf33b943ee4781711d6c7e75c920941c05f1c9d176", size = 128065871, upload-time = "2025-12-25T19:29:58.72Z" },
    { url = "https://files.pythonhosted.org/packages/18/f6/b2f6fa8e7390b985c26a32a32839ec8b42c8f57ddd03770ea1fbe5cb5852/panda3d-1.10.16-cp314-cp314t-manylinux2014_aarch64.whl", hash = "sha256:8476826dd35c633870fb30754bddbfd83572903181628a3bbe2cdbece602ec0e", size = 49225206, upload-time = "2025-12-25T19:30:04.054Z" },
    { url = "https://files.pythonhosted.org/packages/8e/07/391b4dd6142539ab360b587bd7b17f25ab52d3e6acf2f22a7a8929544a87/panda3d-1.10.16-cp314-cp314t-manylinux2014_x86_64.whl", hash = "sha256:90712b13bdcbec4222af8573d8f20f4ded3928368b8fe2110dc9bd42c3d59067", size = 54433358, upload-time = "2025-12-25T19:30:08.525Z" },
    { url = "https://files.pythonhosted.org/packages/4d/22/58cbe1d4a2c7075b924527bd4edf22f0209a3357337098e7e2a222acb02e/panda3d-1.10.16-cp314-cp314t-win32.whl", hash = "sha256:89b38011329c6324a726752e0a4f9b85936afb1f0d777297eb526549600338f4", size = 57197476, upload-time = "2025-12-25T19:30:13.307Z" },
    { url = "https://files.pythonhosted.org/packages/9d/0a/ab1e63ebd5dd31e05a57efa9aaa6a9ed16c2712dc08b74523148c137fd7b/panda3d-1.10.16-cp314-cp314t-win_amd64.whl", hash = "sha256:66485e7518a58a078167f3f1c1b87d969089259df0409ec8d7d6cb2a9e800e41", size = 69891809, upload-time = "2025-12-25T19:30:19.733Z" },
]

[[package]]
name = "panda3d-gltf"
version = "1.3.0"
source = { registry = "https://pypi.org/simple" }
dependencies = [
    { name = "panda3d" },
    { name = "panda3d-simplepbr" },
]
sdist = { url = "https://files.pythonhosted.org/packages/6b/e9/36ea1b84bfbe4fafc60216fb8eb3f71ef3aa7156569f475621f8bb5eeb5e/panda3d_gltf-1.3.0.tar.gz", hash = "sha256:40ed155ca060f662e53c9bd5526fa91024dd308bc61ebe27218b20a5afb1d9ff", size = 29038, upload-time = "2025-03-16T05:57:25.315Z" }
wheels = [
    { url = "https://files.pythonhosted.org/packages/24/0f/b9406c4434422822039a4daefdc479e71326131f2a0f80f88f7cfc60e9c8/panda3d_gltf-1.3.0-py3-none-any.whl", hash = "sha256:2512500ee7e2fc13431dc47e9510efff2c29b9dd82714bd2c36165be2c82ef97", size = 27758, upload-time = "2025-03-16T05:57:24.021Z" },
]

[[package]]
name = "panda3d-simplepbr"
version = "0.13.1"
source = { registry = "https://pypi.org/simple" }
dependencies = [
    { name = "panda3d" },
    { name = "typing-extensions" },
]
sdist = { url = "https://files.pythonhosted.org/packages/0d/be/c4d1ded04c22b357277cf6e6a44c1ab4abb285a700bd1991460460e05b99/panda3d_simplepbr-0.13.1.tar.gz", hash = "sha256:c83766d7c8f47499f365a07fe1dff078fc8b3054c2689bdc8dceabddfe7f1a35", size = 6216055, upload-time = "2025-03-30T16:57:41.087Z" }
wheels = [
    { url = "https://files.pythonhosted.org/packages/11/5d/3744c6550dddf933785a37cdd4a9921fe13284e6d115b5a2637fe390f158/panda3d_simplepbr-0.13.1-py3-none-any.whl", hash = "sha256:cda41cb57cff035b851646956cfbdcc408bee42511dabd4f2d7bd4fbf48c57a9", size = 2457097, upload-time = "2025-03-30T16:57:39.729Z" },
]

[[package]]
name = "pillow"
version = "12.3.0"
source = { registry = "https://pypi.org/simple" }
sdist = { url = "https://files.pythonhosted.org/packages/1c/3d/bb7fca845737cf9d7dbde16ed1843984665ff2e0a518f5db43e77ec540b9/pillow-12.3.0.tar.gz", hash = "sha256:3b8182a766685eaa002637e28b4ec8d6b18819a0c71f579bf0dbaa5830297cce", size = 47025035, upload-time = "2026-07-01T11:56:38.965Z" }
wheels = [
    { url = "https://files.pythonhosted.org/packages/37/bf/fb3ebff8ddcb76aac5a01389251bbbb9519922a9b520d8247c1ca864a25d/pillow-12.3.0-cp312-cp312-macosx_10_13_x86_64.whl", hash = "sha256:ba09209fbe443b4acccebe845d8a138b89a8f4fbaeedd44953490b5315d5e965", size = 5345969, upload-time = "2026-07-01T11:54:06.397Z" },
    { url = "https://files.pythonhosted.org/packages/d8/66/9a386a92561f402389a4fc70c18838bf6d35eb5eb5c6850b4b2dc64f5048/pillow-12.3.0-cp312-cp312-macosx_11_0_arm64.whl", hash = "sha256:ffd0c5368496f41b0944be820fcb7a838aa6e623d250b01acf2643939c3f99d7", size = 4780323, upload-time = "2026-07-01T11:54:09.351Z" },
    { url = "https://files.pythonhosted.org/packages/25/27/ac8f99618ffd3dde21db0f4d4b1d2ab00c0880595bfd17df103f7f39fd0c/pillow-12.3.0-cp312-cp312-manylinux_2_27_aarch64.manylinux_2_28_aarch64.whl", hash = "sha256:d9c7f76c0673154f044e9d78c8655fb4213f6ca31a836df48b40fe5d187717b9", size = 6266838, upload-time = "2026-07-01T11:54:11.71Z" },
    { url = "https://files.pythonhosted.org/packages/84/21/a35af28dcc61f37ed850a2d64c65c701321dfbf25085e469d5559360cbbf/pillow-12.3.0-cp312-cp312-manylinux_2_27_x86_64.manylinux_2_28_x86_64.whl", hash = "sha256:78cb2c6865a35ab8ff8b75fd122f6033b92a62c82801110e48ddd6c936a45d91", size = 6940830, upload-time = "2026-07-01T11:54:13.732Z" },
    { url = "https://files.pythonhosted.org/packages/eb/51/8b08617af3ad95e33ce6d7dd2c99ed6c8298f7fb131636303956be022e25/pillow-12.3.0-cp312-cp312-musllinux_1_2_aarch64.whl", hash = "sha256:e491916b378fba47242221bb9ead245211b70d504f495d105d17b14a24b4907c", size = 6344383, upload-time = "2026-07-01T11:54:15.756Z" },
    { url = "https://files.pythonhosted.org/packages/1d/72/cf78ac9780bb93c28328f408973845a309d4d145041665f734572ced1b52/pillow-12.3.0-cp312-cp312-musllinux_1_2_x86_64.whl", hash = "sha256:0dd2064cbc55aaec028ef5fbb60fa47bb6c3e7918e07ff17935284b227a9d2df", size = 7052934, upload-time = "2026-07-01T11:54:17.721Z" },
    { url = "https://files.pythonhosted.org/packages/20/20/25e0f4dc178a6bc0696793720055519a0de89e7661dae886992decbd2f81/pillow-12.3.0-cp312-cp312-win32.whl", hash = "sha256:dbce0b29841537a2fa4a214c2bbf14de3587c9680caa9b4e217568472490b28f", size = 6472684, upload-time = "2026-07-01T11:54:19.839Z" },
    { url = "https://files.pythonhosted.org/packages/45/89/da2f7971a317f83d807fdd4065c0af40208e59e692cc43d315a71a0e96d1/pillow-12.3.0-cp312-cp312-win_amd64.whl", hash = "sha256:a2b55dd6b2a4c4b7d87ffa56bdb33fdc5fdb9a462173861a7bc097f17d91cb09", size = 7227137, upload-time = "2026-07-01T11:54:22.025Z" },
    { url = "https://files.pythonhosted.org/packages/de/47/4845a0a6c0dbf1db8456bd9fc791f13c5ced7ced20606d08a0aacfd25b49/pillow-12.3.0-cp312-cp312-win_arm64.whl", hash = "sha256:331b624368d4f1d069149002f25f44bc61c8919ce8ddb3c45bdad8f6e2d89510", size = 2568267, upload-time = "2026-07-01T11:54:24.051Z" },
    { url = "https://files.pythonhosted.org/packages/9d/ac/31fb64e1e7efb5a4b50cd3d92049ba89ac6e4d8d3bb6a74e15048ca3353e/pillow-12.3.0-cp313-cp313-ios_13_0_arm64_iphoneos.whl", hash = "sha256:21900ce7ba264168cd50defae43cd75d25c833ad4ad6e73ffc5596d12e25ac89", size = 4161684, upload-time = "2026-07-01T11:54:25.934Z" },
    { url = "https://files.pythonhosted.org/packages/87/b4/9805e23d2b4d77842b468513841fda254ee42f0289d25088340e4ff46e2d/pillow-12.3.0-cp313-cp313-ios_13_0_arm64_iphonesimulator.whl", hash = "sha256:4e8c2a84d977f50b9daed6eeaf3baef67d00d5d74d932288f02cb94518ee3ace", size = 4255487, upload-time = "2026-07-01T11:54:27.935Z" },
    { url = "https://files.pythonhosted.org/packages/df/39/ecf519435a200c693fe053a6ee4d835b41cf963a4dfc2551c4e637cb2a71/pillow-12.3.0-cp313-cp313-ios_13_0_x86_64_iphonesimulator.whl", hash = "sha256:ae26d61dfa7a47befdc7572b521024e8745f3d809bd95ca9505a7bba9ef849ec", size = 3696433, upload-time = "2026-07-01T11:54:29.813Z" },
    { url = "https://files.pythonhosted.org/packages/42/92/2fc3ffad878ae8dd5469ec1bc8eb83b71f48e13efdf68f02709003982a32/pillow-12.3.0-cp313-cp313-macosx_10_13_x86_64.whl", hash = "sha256:7a743ff716f746fc19a9557f60dab1600d4613255f8a7aeb3cdde4db7eb15a66", size = 5345889, upload-time = "2026-07-01T11:54:31.97Z" },
    { url = "https://files.pythonhosted.org/packages/10/76/8803c13605b763d33d156c4678fc77f8443389c0c51c8aef707bb02015f4/pillow-12.3.0-cp313-cp313-macosx_11_0_arm64.whl", hash = "sha256:d69141514cc30b774ceea5e3ed3a6635c8d8a96edf664689b890f4089111fb35", size = 4780109, upload-time = "2026-07-01T11:54:34.026Z" },
    { url = "https://files.pythonhosted.org/packages/1f/01/e18aff37cb0b4aac47ac90f016d347a49aca667ef97f190b06ac2aabc928/pillow-12.3.0-cp313-cp313-manylinux_2_27_aarch64.manylinux_2_28_aarch64.whl", hash = "sha256:f7401aebd7f581d7f83a439d87d474999317ee099218e5ad25d125290990ba65", size = 6263736, upload-time = "2026-07-01T11:54:36.131Z" },
    { url = "https://files.pythonhosted.org/packages/f7/62/de5bdd77d935331f4f802edc11e4d82950f642caad6cb2f949837b8560e2/pillow-12.3.0-cp313-cp313-manylinux_2_27_x86_64.manylinux_2_28_x86_64.whl", hash = "sha256:0847a763afefb695bc912d7c131e7e0632d4edc1d8698f58ddabec8e46b8b6d3", size = 6937129, upload-time = "2026-07-01T11:54:38.216Z" },
    { url = "https://files.pythonhosted.org/packages/70/4d/105627a13300c5e0df1d174230b32fd1273062c96f7745fd552b945d1e1d/pillow-12.3.0-cp313-cp313-musllinux_1_2_aarch64.whl", hash = "sha256:571b9fcb07b97ef3a492028fb3d2dc0993ca23a06138b0315286566d29ef718a", size = 6339562, upload-time = "2026-07-01T11:54:40.354Z" },
    { url = "https://files.pythonhosted.org/packages/6b/1d/f13de01a553988ab895ba1c722e06cf3144d4f57656fd5b81b6d881f1179/pillow-12.3.0-cp313-cp313-musllinux_1_2_x86_64.whl", hash = "sha256:756c768d0c9c2955feb7a56c37ea24aea2e369f8d36a88da270b6a9f19e62b5e", size = 7049439, upload-time = "2026-07-01T11:54:42.489Z" },
    { url = "https://files.pythonhosted.org/packages/c9/f9/066794cca041b969964f779ee5fa66a9498bbf34248ac39c5d7954e4198f/pillow-12.3.0-cp313-cp313-win32.whl", hash = "sha256:a876864214e136f0eb367788dbd7df045f4806801518e2cfe9e13229cfe06d8f", size = 6473287, upload-time = "2026-07-01T11:54:44.9Z" },
    { url = "https://files.pythonhosted.org/packages/a6/9b/7a58e61d62be561da3a356fe2384d4059a6345fc130e23ef1c36a5b81d24/pillow-12.3.0-cp313-cp313-win_amd64.whl", hash = "sha256:1cca606cd25738df4ed873d5ad46bbdb3d83b5cbca291f6b4ff13a4df6b0bbe8", size = 7239691, upload-time = "2026-07-01T11:54:47.141Z" },
    { url = "https://files.pythonhosted.org/packages/aa/b0/c4ed4f0ef8f8fa5ee8351537db6650bb8189f7e118842978dd6589065692/pillow-12.3.0-cp313-cp313-win_arm64.whl", hash = "sha256:b629de27fda84b42cde7edef0d85f13b958b47f6e9bbcbba9b673c562a89bd8b", size = 2568185, upload-time = "2026-07-01T11:54:49.137Z" },
    { url = "https://files.pythonhosted.org/packages/dc/01/001f65b68192f0228cc1dbbc8d2530ab5d58b61037ba0587f946fea607cd/pillow-12.3.0-cp314-cp314-ios_13_0_arm64_iphoneos.whl", hash = "sha256:9cf95fe4d0f84c82d282745d9bb08ad9f926efa00be4697e767b814ce40d4330", size = 4161736, upload-time = "2026-07-01T11:54:51.156Z" },
    { url = "https://files.pythonhosted.org/packages/1a/d2/0219746d0fd16fc8a84498e79452375be3797d3ce4044596ce565164b84f/pillow-12.3.0-cp314-cp314-ios_13_0_arm64_iphonesimulator.whl", hash = "sha256:8728f216dcdb6e6d555cf971cb34076139ad74b31fc2c14da4fafc741c5f6217", size = 4255435, upload-time = "2026-07-01T11:54:53.414Z" },
    { url = "https://files.pythonhosted.org/packages/c8/02/8d0bc62ef0302318c46ff2a512822d2610e81c7aa46c9b3abe6cbaca5ad0/pillow-12.3.0-cp314-cp314-ios_13_0_x86_64_iphonesimulator.whl", hash = "sha256:a45650e8ce7fafffd731db8550230db6b0d306d181a90b67d3e6bca2f1990930", size = 3696262, upload-time = "2026-07-01T11:54:55.739Z" },
    { url = "https://files.pythonhosted.org/packages/85/e2/73c77d218410b14f5f2d565e8a998d5317b7b9c75368d29985139f7a46f0/pillow-12.3.0-cp314-cp314-macosx_10_15_x86_64.whl", hash = "sha256:ba54cfebe86920a559a7c4d6b9050791c20513650a1952ebe3368c7dc70306f8", size = 5350344, upload-time = "2026-07-01T11:54:57.657Z" },
    { url = "https://files.pythonhosted.org/packages/c7/da/32c752228ae345f489e3a42499d817b6c3996da7e8a3bc7a04fc806b243b/pillow-12.3.0-cp314-cp314-macosx_11_0_arm64.whl", hash = "sha256:e158cb00350dc278f3b91551101aa7d12415a66ebf2c91d8d5ac14e56ddd3ad0", size = 4780131, upload-time = "2026-07-01T11:54:59.713Z" },
    { url = "https://files.pythonhosted.org/packages/b1/9d/8b2c807dbef61a5197c047afe99823787eb66f63daf9fb2432f91d6f0462/pillow-12.3.0-cp314-cp314-manylinux_2_27_aarch64.manylinux_2_28_aarch64.whl", hash = "sha256:e9aeb04d6aef139de265b29683e119b638208f88cf73cdd1658aa07221165321", size = 6263757, upload-time = "2026-07-01T11:55:01.778Z" },
    { url = "https://files.pythonhosted.org/packages/5c/44/c85361f65dbe00eea8576ee467c768d25129989efb76e94f205e9ca9bb46/pillow-12.3.0-cp314-cp314-manylinux_2_27_x86_64.manylinux_2_28_x86_64.whl", hash = "sha256:251bf95b67017e27b13d82f5b326234ca62d70f9cf4c2b9032de2358a3b12c7b", size = 6936962, upload-time = "2026-07-01T11:55:03.93Z" },
    { url = "https://files.pythonhosted.org/packages/18/7e/e483414b35800b86b6f08dbbc7803fb5cd52c4d6f897f47d53ea2c7e6f65/pillow-12.3.0-cp314-cp314-musllinux_1_2_aarch64.whl", hash = "sha256:fe3cca2e4e8a592be0f269a1ca4835c25199d9f3ce815c8491048f785b0a0198", size = 6339171, upload-time = "2026-07-01T11:55:05.989Z" },
    { url = "https://files.pythonhosted.org/packages/f0/f4/68c491844841ede6bed70189546b3ee9731cf9f2cbad396faff5e1ccba45/pillow-12.3.0-cp314-cp314-musllinux_1_2_x86_64.whl", hash = "sha256:23aceaa007d6172b02c277f0cd359c79492bbb14f7072b4ede9fbcaf20648130", size = 7048116, upload-time = "2026-07-01T11:55:08.131Z" },
    { url = "https://files.pythonhosted.org/packages/a3/34/77f3f793fed8efc7d243f21b33c5a3f0d1c97ee70346d3db855587e155ff/pillow-12.3.0-cp314-cp314-win32.whl", hash = "sha256:af8d94b0db561cf68b88a267c5c44b49e134f525d0dc2cb7ed413a66bc23559a", size = 6467209, upload-time = "2026-07-01T11:55:10.408Z" },
    { url = "https://files.pythonhosted.org/packages/f1/e0/492879f69d94f91f60fc8cd05ba03650e9520afebb2fb7aa12777d7c7f38/pillow-12.3.0-cp314-cp314-win_amd64.whl", hash = "sha256:fdafc9cce40277e0f7a0feabce0ee50dd2fa1800f3b38015e51296b5e814048d", size = 7237707, upload-time = "2026-07-01T11:55:12.745Z" },
    { url = "https://files.pythonhosted.org/packages/c9/ac/6b11f2875f1c2ac040d84e1bbf9cf22a88038f901ca1037898b280b38365/pillow-12.3.0-cp314-cp314-win_arm64.whl", hash = "sha256:e91206ee562682b51b98ef4b26a6ef48fd84e15fd4c4bc5ec768eb641d206838", size = 2565995, upload-time = "2026-07-01T11:55:14.736Z" },
    { url = "https://files.pythonhosted.org/packages/52/69/c2208e56af9bfc1913afb24020297a691eb1d4ef688474c8a04913f65e04/pillow-12.3.0-cp314-cp314t-macosx_10_15_x86_64.whl", hash = "sha256:164b31cd1a0490ab6efae01aa5df49da7061be0af1b30e035b6e9a1bfe34ee6e", size = 5352503, upload-time = "2026-07-01T11:55:17.076Z" },
    { url = "https://files.pythonhosted.org/packages/07/70/e5686d753e898a45d778ff1718dba8516ead6ab6b95d85fc8c4b70650cf2/pillow-12.3.0-cp314-cp314t-macosx_11_0_arm64.whl", hash = "sha256:5afb51d599ea772b8365ae807ae557f18bccfe46ab261fd1c2a9ed700fc6eb17", size = 4782956, upload-time = "2026-07-01T11:55:19.448Z" },
    { url = "https://files.pythonhosted.org/packages/d5/37/25c6692f06927ee973ff18c8d9ee98ad0b4d84ee67a09610c2dd1447958e/pillow-12.3.0-cp314-cp314t-manylinux_2_27_aarch64.manylinux_2_28_aarch64.whl", hash = "sha256:3edce1d53195db527e0191f84b71d02022de0540bf43a16ed734ed7537b07385", size = 6322855, upload-time = "2026-07-01T11:55:21.613Z" },
    { url = "https://files.pythonhosted.org/packages/cc/91/420637fcb8f1bc11029e403b4538e6694744428d8246118e45719f944556/pillow-12.3.0-cp314-cp314t-manylinux_2_27_x86_64.manylinux_2_28_x86_64.whl", hash = "sha256:bf16ba1b4d0b6b7c8e534936632270cf70eb00dbe09005bc345b2677b726855c", size = 6989642, upload-time = "2026-07-01T11:55:24.006Z" },
    { url = "https://files.pythonhosted.org/packages/10/08/b94d7811281ccf0d143a1cf768d1c49e1e54af63e7b708ab2ee3eb87face/pillow-12.3.0-cp314-cp314t-musllinux_1_2_aarch64.whl", hash = "sha256:24870b09b224f7ae3c39ed07d10e819d06f8720bc551847b1d623832b5b0e28d", size = 6391281, upload-time = "2026-07-01T11:55:26.252Z" },
    { url = "https://files.pythonhosted.org/packages/d2/87/24233f785f55474dc02ce3e739c5528a77e3a862e9333d1dd7a25cc31f70/pillow-12.3.0-cp314-cp314t-musllinux_1_2_x86_64.whl", hash = "sha256:30f2aa603c41533cc25c05acd0da21636e84a315768feb631c937177db558931", size = 7096716, upload-time = "2026-07-01T11:55:28.318Z" },
    { url = "https://files.pythonhosted.org/packages/23/26/fcb2f6e37175b04f53570b59937867e2b80ee1685e744023153028fc14f9/pillow-12.3.0-cp314-cp314t-win32.whl", hash = "sha256:4b0a7fe987b14c31ebda6083f74f22b561fd3739bc0ac51e019622e3d72668c7", size = 6474125, upload-time = "2026-07-01T11:55:30.956Z" },
    { url = "https://files.pythonhosted.org/packages/90/de/3634abee5f1c9e13c56787b7d5517b0ba8d6de51700b95578cf338349c9f/pillow-12.3.0-cp314-cp314t-win_amd64.whl", hash = "sha256:962864dc93511324d51ddbb5b9f8731bf71675b93ca612a07441896f4688fb8c", size = 7242939, upload-time = "2026-07-01T11:55:34.044Z" },
    { url = "https://files.pythonhosted.org/packages/ce/2a/fd13f8eb24de5714a6eb444a3d67e2842c6c576e159a43793adf23051351/pillow-12.3.0-cp314-cp314t-win_arm64.whl", hash = "sha256:0740a512dc522224c77d9aa5a8d70d8b7d73fb91f2c21125d8d025d3b8990e45", size = 2567506, upload-time = "2026-07-01T11:55:35.988Z" },
    { url = "https://files.pythonhosted.org/packages/5d/dc/8fdce34ec725a33c81c6ba122b904d6b9024e50ea9ac7bede62fab54506c/pillow-12.3.0-cp315-cp315-ios_13_0_arm64_iphoneos.whl", hash = "sha256:0feb2e9d6ad6c9e3c06effe9d00f3f1e618a6643273576b016f591e9315a7139", size = 4162063, upload-time = "2026-07-01T11:55:37.941Z" },
    { url = "https://files.pythonhosted.org/packages/76/66/2044b9a63d3b84ff048228dfcb7cd9bf0df983e8470971bf7d4c57b693de/pillow-12.3.0-cp315-cp315-ios_13_0_arm64_iphonesimulator.whl", hash = "sha256:9e881fca225083806662a5c43d627d215f258ff43c890f831966c7d7ba9c7402", size = 4255549, upload-time = "2026-07-01T11:55:40.022Z" },
    { url = "https://files.pythonhosted.org/packages/52/7e/1f67e6f4ece6b582ee4b539decbcc9f848dc245a93ed8cd7338bafef72f1/pillow-12.3.0-cp315-cp315-ios_13_0_x86_64_iphonesimulator.whl", hash = "sha256:4998562bf62a445225f22e07c896bb04b35b1b1f2eb6d760584c9c51d7a5f78c", size = 3696331, upload-time = "2026-07-01T11:55:41.98Z" },
    { url = "https://files.pythonhosted.org/packages/12/40/d306fc2c8e4d45d7f175c77edca7063be7b86fe7fe6e68f4353bf71d808c/pillow-12.3.0-cp315-cp315-macosx_10_15_x86_64.whl", hash = "sha256:dc624f6bc473dacdf7ef7eb8678d0d08edf15cd94fad6ae5c7d6cc67a4e4902f", size = 5350370, upload-time = "2026-07-01T11:55:44.028Z" },
    { url = "https://files.pythonhosted.org/packages/dd/44/668fb1437e8ce420f62d6106eb66e44a5971602a4d794615bdf79315d82d/pillow-12.3.0-cp315-cp315-macosx_11_0_arm64.whl", hash = "sha256:71d6097b330eea8fd15097780c8e89cb1a8ce7838669f48c5bacd6f663dd4701", size = 4780147, upload-time = "2026-07-01T11:55:46.073Z" },
    { url = "https://files.pythonhosted.org/packages/0c/08/93fa2e70e30a2d81547e481b6ee2bb9522117221fb1e0ce4b5df70967677/pillow-12.3.0-cp315-cp315-manylinux_2_27_aarch64.manylinux_2_28_aarch64.whl", hash = "sha256:28ce87c5ab450a9dd970b52e5aca5fe63ed432d18a2eaddd1979a00a1ba24ace", size = 6273659, upload-time = "2026-07-01T11:55:48.264Z" },
    { url = "https://files.pythonhosted.org/packages/f8/6d/043e96ff814fc31a33077e4cba86082167db520c93632afdf2042febbb0c/pillow-12.3.0-cp315-cp315-manylinux_2_27_x86_64.manylinux_2_28_x86_64.whl", hash = "sha256:6b02afb9b97f65fbca5f31db6a2a3ba21aa93030225f150fa3f249717e938fb4", size = 6947439, upload-time = "2026-07-01T11:55:50.503Z" },
    { url = "https://files.pythonhosted.org/packages/af/92/ba71d2ee2ac0edf3fa33bd9d5ee9ee080da70b1766f3ca3934f9938ddac9/pillow-12.3.0-cp315-cp315-musllinux_1_2_aarch64.whl", hash = "sha256:1182d52bc2d5e5d7d0949503aa7e36d12f42205dc287e4883f407b1988820d39", size = 6353577, upload-time = "2026-07-01T11:55:52.697Z" },
    { url = "https://files.pythonhosted.org/packages/0f/ce/e63064e2122923ff687c8ad792d0d736a7b3920a56a46982e81a7fdd25d6/pillow-12.3.0-cp315-cp315-musllinux_1_2_x86_64.whl", hash = "sha256:e795b7eb908249c4e43c7c99fac7c2c75dab0c43566e37db472a355f63693d71", size = 7060394, upload-time = "2026-07-01T11:55:55.149Z" },
    { url = "https://files.pythonhosted.org/packages/54/76/a09cc3ccc8d773a7283d34c38bec1708f9e3cc932093cbc4c5e71ac4060b/pillow-12.3.0-cp315-cp315-win32.whl", hash = "sha256:57b3d78c95ba9059768b10e28b813002261d3f3dfc55cc48b0c988f625175827", size = 6467375, upload-time = "2026-07-01T11:55:57.769Z" },
    { url = "https://files.pythonhosted.org/packages/3e/03/1846c49ba3b1d5550392a4bbd06d6fb4578e1cd91a803198b5c90f5f7d53/pillow-12.3.0-cp315-cp315-win_amd64.whl", hash = "sha256:fa4ecea169a355be7a3ade2c783e2ed12f0e40d2c5621cda8b3297faf7fbb9f5", size = 7237048, upload-time = "2026-07-01T11:55:59.975Z" },
    { url = "https://files.pythonhosted.org/packages/fb/bb/89f35dcc79610423f9f195504d7def7f0d1416a711541b42867e25fe3412/pillow-12.3.0-cp315-cp315-win_arm64.whl", hash = "sha256:877c3f311ff35410f690861c4409e7ccbf0cd2f878e50628a28e5a0bb689e658", size = 2566006, upload-time = "2026-07-01T11:56:02.143Z" },
    { url = "https://files.pythonhosted.org/packages/30/88/707027ba09942dfa2c28759b5c222d769290a41c6d20ea60ec250801941f/pillow-12.3.0-cp315-cp315t-macosx_10_15_x86_64.whl", hash = "sha256:e9871b1ffbfa9656b60aeee92ed5136a5742696006fa322b29ea3d8da0ecc9cf", size = 5352509, upload-time = "2026-07-01T11:56:04.2Z" },
    { url = "https://files.pythonhosted.org/packages/b0/6d/00352fa25332c2569cd387851f568cc5a4b75a9adbfb37ac4fbce4c02eec/pillow-12.3.0-cp315-cp315t-macosx_11_0_arm64.whl", hash = "sha256:53aa02d20d10c3d814d536aa4e5ac9b84ca0ff5a88377963b085ad6822f93e64", size = 4783167, upload-time = "2026-07-01T11:56:06.631Z" },
    { url = "https://files.pythonhosted.org/packages/13/4f/9e049dfa21af7c22427275720e2490267ba8138120add5c4c574deb69782/pillow-12.3.0-cp315-cp315t-manylinux_2_27_aarch64.manylinux_2_28_aarch64.whl", hash = "sha256:446c34dcc4324b084a53b705127dc15717b22c5e140ae0a3c38349d4efec071e", size = 6329237, upload-time = "2026-07-01T11:56:08.868Z" },
    { url = "https://files.pythonhosted.org/packages/36/16/cf6eeaae8d0fce8dd390a33437cf68c5d5bd73834a2bc6e2f14efda0ab45/pillow-12.3.0-cp315-cp315t-manylinux_2_27_x86_64.manylinux_2_28_x86_64.whl", hash = "sha256:cf1845d02ad822a369a49f2bb9345b1614744267682e7a03527dc3bf6eea1777", size = 6997047, upload-time = "2026-07-01T11:56:11.379Z" },
    { url = "https://files.pythonhosted.org/packages/1e/69/dbf769bdd55f48bf5733cac28edc6364ffaa072ec9ba336266e4fe66be55/pillow-12.3.0-cp315-cp315t-musllinux_1_2_aarch64.whl", hash = "sha256:186941b6aef820ad110fb01fb06eb925374dc3a21b17e37ec9a53b250c6fe2d1", size = 6400440, upload-time = "2026-07-01T11:56:13.908Z" },
    { url = "https://files.pythonhosted.org/packages/a0/e1/ffc9cfc2eea0d178da8018e18e959301ad9d6bc9f3edb7181e748a474b97/pillow-12.3.0-cp315-cp315t-musllinux_1_2_x86_64.whl", hash = "sha256:f13c32a3abd6079a66d9526e18dad9b6d280384d49d7c54040cd57b6424041d9", size = 7105895, upload-time = "2026-07-01T11:56:16.575Z" },
    { url = "https://files.pythonhosted.org/packages/18/f0/a5595c1e8c3ae44b9828cb2f0fa8155e5095ef04d6327b8f61cf44a3df85/pillow-12.3.0-cp315-cp315t-win32.whl", hash = "sha256:1657923d2d45afb66526e5b933e5b3052e6bdea196c90d3abb2424e18c77dae8", size = 6474384, upload-time = "2026-07-01T11:56:18.855Z" },
    { url = "https://files.pythonhosted.org/packages/e4/04/62bcd9f844984c5938d3b05264a61d797a29d3e0812341a8204af70bbdee/pillow-12.3.0-cp315-cp315t-win_amd64.whl", hash = "sha256:8cd2f7bdda092d99c9fc2fb7391354f306d01443d22785d0cbfafa2e2c8bb418", size = 7243537, upload-time = "2026-07-01T11:56:21.214Z" },
    { url = "https://files.pythonhosted.org/packages/3d/68/1f3066acedf37673694a7141381d8f811ae97f30d34413d236abe7d489f1/pillow-12.3.0-cp315-cp315t-win_arm64.whl", hash = "sha256:06ff022112bc9cbf83b60f8e028d94ad87b60621706487e65f673de61610ab59", size = 2567491, upload-time = "2026-07-01T11:56:23.506Z" },
]

[[package]]
name = "pyobjc-core"
version = "12.2.2"
source = { registry = "https://pypi.org/simple" }
sdist = { url = "https://files.pythonhosted.org/packages/a5/78/abc4ce5920305780aeb36b4067a86253378b36e29ba96673a3deb02eb03a/pyobjc_core-12.2.2.tar.gz", hash = "sha256:3906452339cd06a3bb07df103c2511d4cb0f7a22d8771c0b802eba15d9a642b6", size = 1067701, upload-time = "2026-08-11T19:43:39.059Z" }
wheels = [
    { url = "https://files.pythonhosted.org/packages/86/b2/bbf7f049880ab40d110e66f25122342a1f6c98d6fe3c59bb98985503c660/pyobjc_core-12.2.2-cp312-cp312-macosx_10_13_universal2.whl", hash = "sha256:122e6ad302a2abf5d4d4adb0156db751600ddf2768441696cba17b31323085e7", size = 6427637, upload-time = "2026-08-11T14:51:36.038Z" },
    { url = "https://files.pythonhosted.org/packages/1b/ed/a8bf040caf3704023d74086b7fb96cf4ed2e844e24bd94e5248ba214b700/pyobjc_core-12.2.2-cp313-cp313-macosx_10_13_universal2.whl", hash = "sha256:950bd2d9c74634398c4e3d24ef2f213d4e23d705083697464fa67afedc53c1ad", size = 6427113, upload-time = "2026-08-11T15:04:39.424Z" },
    { url = "https://files.pythonhosted.org/packages/e7/5a/760f8b9e116edd43c57e33844dc17619158fbdd311250d4209910192d72d/pyobjc_core-12.2.2-cp313-cp313t-macosx_10_13_universal2.whl", hash = "sha256:3772b406edb3ff78171530a17cda1c4a7817f87b87ded0d8715b3fa664df16db", size = 6666817, upload-time = "2026-08-11T19:30:17.01Z" },
    { url = "https://files.pythonhosted.org/packages/13/37/486d38a173b0b8dce973a3e13c74cf402ed1b8621586b5963bc9efd49a48/pyobjc_core-12.2.2-cp314-cp314-macosx_10_15_universal2.whl", hash = "sha256:2062e8ad30a310441cd022544a897553408bebeaa7820d5edba3c96fd7fd693b", size = 6421184, upload-time = "2026-08-11T19:30:21.081Z" },
    { url = "https://files.pythonhosted.org/packages/04/f1/d138fd9b9a66ea8db56a8138b77d3413b85da3defe13363a19f364f85529/pyobjc_core-12.2.2-cp314-cp314t-macosx_10_15_universal2.whl", hash = "sha256:2c7ef3d2f865b4b3ebb14ec3556f7a3e8abb6d130c67275cd9daa08dbd6e4e4e", size = 6671824, upload-time = "2026-08-11T19:30:25.005Z" },
    { url = "https://files.pythonhosted.org/packages/d5/85/577e2265cccf59daf48c460f0a8deeaf7dbe2991227a8859ab1eeab4945e/pyobjc_core-12.2.2-cp315-cp315-macosx_10_15_universal2.whl", hash = "sha256:89acc6bc13aaa6e3f52b0ce652ede7e201edb6bf062741b246b0c5a44582f25f", size = 6477694, upload-time = "2026-08-11T19:30:28.821Z" },
    { url = "https://files.pythonhosted.org/packages/77/0a/bd9f830c64c6f334530831e75c01bfe0a770a3fbb00fddc70329223118b3/pyobjc_core-12.2.2-cp315-cp315t-macosx_10_15_universal2.whl", hash = "sha256:59a77038ebe0ab1240f61c341e7fb67b8674f2b4cd41bc71a6472511a12b50f7", size = 6712233, upload-time = "2026-08-11T19:30:33.032Z" },
]

[[package]]
name = "pyobjc-framework-cocoa"
version = "12.2.2"
source = { registry = "https://pypi.org/simple" }
dependencies = [
    { name = "pyobjc-core" },
]
sdist = { url = "https://files.pythonhosted.org/packages/75/76/49c6da2c6a831020b4854ba20079d5a1030474bffc776b7b73c2eeff8c15/pyobjc_framework_cocoa-12.2.2.tar.gz", hash = "sha256:c96c0ef69a71afbbb0e6a7d594b455c5fe47d62e0db376ee7a2b4b828c16ace9", size = 3132831, upload-time = "2026-08-11T19:44:02.288Z" }
wheels = [
    { url = "https://files.pythonhosted.org/packages/fd/2f/b67e73d8bc367e03fe7861cd9c49fff9dcfa6db83bc0630c0adcfb25b7fa/pyobjc_framework_cocoa-12.2.2-cp312-cp312-macosx_10_13_universal2.whl", hash = "sha256:e106f395531e67694376b0f1184612cbeea3ec8b9bf56b55ef41d026171d2a2d", size = 388117, upload-time = "2026-08-11T19:32:43.161Z" },
    { url = "https://files.pythonhosted.org/packages/db/e1/5d9b04ebb60042b9cb49adc2d33115e2f2c2e4ff7d548017bfaff8b7f536/pyobjc_framework_cocoa-12.2.2-cp313-cp313-macosx_10_13_universal2.whl", hash = "sha256:600b1723184ca094931330e79355274949965460e23de38628d601b5a967baf9", size = 388181, upload-time = "2026-08-11T19:32:44.537Z" },
    { url = "https://files.pythonhosted.org/packages/b4/25/2a343357d5fe09bbe9c0e294dc03450866a0d6c1792fad36b6bcc00174c0/pyobjc_framework_cocoa-12.2.2-cp313-cp313t-macosx_10_13_universal2.whl", hash = "sha256:875f2aad73963faa81a6b36ae674fd494a4658d6d999e1075e0e2aca3d2391df", size = 392275, upload-time = "2026-08-11T19:32:45.631Z" },
    { url = "https://files.pythonhosted.org/packages/1f/1a/b99521999b9f54b89aad928ddff0faad507abfe33bc46599454bfa48a4b2/pyobjc_framework_cocoa-12.2.2-cp314-cp314-macosx_10_15_universal2.whl", hash = "sha256:889d7bbd4ba2d4941078bfbbfb882138e51dbead27df006abfe0f2e0d49b5b2e", size = 388368, upload-time = "2026-08-11T19:32:46.781Z" },
    { url = "https://files.pythonhosted.org/packages/6d/26/0c697dbc73dcc76bc0f68ea5aeed25bf7b05217df5102659e878501b2d5f/pyobjc_framework_cocoa-12.2.2-cp314-cp314t-macosx_10_15_universal2.whl", hash = "sha256:de69c5933750f3a4599ed962eccd92b6a71914c7e4318dacc7895738a8ae60d7", size = 392404, upload-time = "2026-08-11T19:32:47.918Z" },
    { url = "https://files.pythonhosted.org/packages/df/82/502f740fd8f4e9ef741c9d40ba67467ab2c8196f2c09dcba12936d28a4fd/pyobjc_framework_cocoa-12.2.2-cp315-cp315-macosx_10_15_universal2.whl", hash = "sha256:0e8ace0d44a00d281281a723d17fcd05eea7544a38a6a512e1fd018ddb7aece2", size = 388585, upload-time = "2026-08-11T19:32:49.171Z" },
    { url = "https://files.pythonhosted.org/packages/7d/3b/07ce3c0ab8d1e9e1bed74fea1bf1cce73527a365a7a23c755051d3be9865/pyobjc_framework_cocoa-12.2.2-cp315-cp315t-macosx_10_15_universal2.whl", hash = "sha256:8fe5b2e79c9530f667b4e58a87a3a15ea62f86a5d19eec405517ecbd4f454868", size = 392693, upload-time = "2026-08-11T19:32:50.283Z" },
]

[[package]]
name = "pyperclip"
version = "1.11.0"
source = { registry = "https://pypi.org/simple" }
sdist = { url = "https://files.pythonhosted.org/packages/e8/52/d87eba7cb129b81563019d1679026e7a112ef76855d6159d24754dbd2a51/pyperclip-1.11.0.tar.gz", hash = "sha256:244035963e4428530d9e3a6101a1ef97209c6825edab1567beac148ccc1db1b6", size = 12185, upload-time = "2025-09-26T14:40:37.245Z" }
wheels = [
    { url = "https://files.pythonhosted.org/packages/df/80/fc9d01d5ed37ba4c42ca2b55b4339ae6e200b456be3a1aaddf4a9fa99b8c/pyperclip-1.11.0-py3-none-any.whl", hash = "sha256:299403e9ff44581cb9ba2ffeed69c7aa96a008622ad0c46cb575ca75b5b84273", size = 11063, upload-time = "2025-09-26T14:40:36.069Z" },
]

[[package]]
name = "screeninfo"
version = "0.8.1"
source = { registry = "https://pypi.org/simple" }
dependencies = [
    { name = "cython", marker = "sys_platform == 'darwin'" },
    { name = "pyobjc-framework-cocoa", marker = "sys_platform == 'darwin'" },
]
sdist = { url = "https://files.pythonhosted.org/packages/ec/bb/e69e5e628d43f118e0af4fc063c20058faa8635c95a1296764acc8167e27/screeninfo-0.8.1.tar.gz", hash = "sha256:9983076bcc7e34402a1a9e4d7dabf3729411fd2abb3f3b4be7eba73519cd2ed1", size = 10666, upload-time = "2022-09-09T11:35:23.419Z" }
wheels = [
    { url = "https://files.pythonhosted.org/packages/6e/bf/c5205d480307bef660e56544b9e3d7ff687da776abb30c9cb3f330887570/screeninfo-0.8.1-py3-none-any.whl", hash = "sha256:e97d6b173856edcfa3bd282f81deb528188aff14b11ec3e195584e7641be733c", size = 12907, upload-time = "2022-09-09T11:35:21.351Z" },
]

[[package]]
name = "sswg"
version = "4.3.0"
source = { registry = "https://pypi.org/simple" }
sdist = { url = "https://files.pythonhosted.org/packages/1f/2c/824fa5e96385cd3325279b0198e526ac23c13ee011c574bc18ba8fe04d9e/sswg-4.3.0.tar.gz", hash = "sha256:dbc2b6282fd19070eeb2b302039c4eedf7afb4fbf5a0a20490e16bb7fd516f8a", size = 6641, upload-time = "2025-06-06T21:28:14.694Z" }
wheels = [
    { url = "https://files.pythonhosted.org/packages/03/54/cda746af289bced80c69d30d31f378f36833164931646e373ec83f05c7d9/sswg-4.3.0-py3-none-any.whl", hash = "sha256:c4d0e559ab7ffd37e36d9a072861e12d93d57ae66564b93b87bc239f0c8b6283", size = 6862, upload-time = "2025-06-06T21:28:13.593Z" },
]

[[package]]
name = "typing-extensions"
version = "4.16.0"
source = { registry = "https://pypi.org/simple" }
sdist = { url = "https://files.pythonhosted.org/packages/f6/cc/6253133b5bb138fc3306cebfbda2c520f545d36b5be2c7255cc528bb45d6/typing_extensions-4.16.0.tar.gz", hash = "sha256:dc983d19a509c94dba722ee6abd33940f7c05a89e243c47e907eb4db6f1a43e5", size = 113555, upload-time = "2026-07-02T08:40:05.92Z" }
wheels = [
    { url = "https://files.pythonhosted.org/packages/49/d3/b8441a820a491ddfc024b0b0cf0393375b75ea13866d9c66727e54c2fc80/typing_extensions-4.16.0-py3-none-any.whl", hash = "sha256:481caa481374e813c1b176ada14e97f1f67a4539ce9cfeb3f350d78d6370c2e8", size = 45571, upload-time = "2026-07-02T08:40:04.659Z" },
]

[[package]]
name = "ursina"
version = "8.3.0"
source = { registry = "https://pypi.org/simple" }
dependencies = [
    { name = "panda3d" },
    { name = "panda3d-gltf" },
    { name = "pillow" },
    { name = "pyperclip" },
    { name = "screeninfo" },
    { name = "sswg" },
]
sdist = { url = "https://files.pythonhosted.org/packages/2a/7f/89ce04495597830aad2734b9a4c62068b9a61eab9f592541e46e881535f1/ursina-8.3.0.tar.gz", hash = "sha256:a2f6a7973c2dd805130dbdb080f76ab43995bfa5a83438c7a016fbe4268deb6d", size = 4269469, upload-time = "2025-12-06T22:14:00.146Z" }
wheels = [
    { url = "https://files.pythonhosted.org/packages/c2/9a/f32dac3e2405dbc6613304ac660546b9a60369a1c41b8d963552793603c7/ursina-8.3.0-py3-none-any.whl", hash = "sha256:9202abb94824614e837d1dd8766e295cf426c3c7910ccab9f885c7436fff8e3d", size = 4336265, upload-time = "2025-12-06T22:13:54.854Z" },
]
